
Microsoft Visual Studio Solution File, Format Version 12.00
# Visual Studio Version 17
VisualStudioVersion = 17.1.32328.378
MinimumVisualStudioVersion = 10.0.40219.1
Project("{FAE04EC0-301F-11D3-BF4B-00C04F79EFBC}") = "tempTry", "tempTry.csproj", "{1D86BC8D-909B-401F-8F64-09B91E1471A5}"
EndProject
Global
	GlobalSection(SolutionConfigurationPlatforms) = preSolution
		Debug|Any CPU = Debug|Any CPU
		Release|Any CPU = Release|Any CPU
	EndGlobalSection
	GlobalSection(ProjectConfigurationPlatforms) = postSolution
		{1D86BC8D-909B-401F-8F64-09B91E1471A5}.Debug|Any CPU.ActiveCfg = Debug|Any CPU
		{1D86BC8D-909B-401F-8F64-09B91E1471A5}.Debug|Any CPU.Build.0 = Debug|Any CPU
		{1D86BC8D-909B-401F-8F64-09B91E1471A5}.Release|Any CPU.ActiveCfg = Release|Any CPU
		{1D86BC8D-909B-401F-8F64-09B91E1471A5}.Release|Any CPU.Build.0 = Release|Any CPU
	EndGlobalSection
	GlobalSection(SolutionProperties) = preSolution
		HideSolutionNode = FALSE
	EndGlobalSection
	GlobalSection(ExtensibilityGlobals) = postSolution
		SolutionGuid = {681D0C68-48D4-4BDE-8556-8CEF192CEE55}
	EndGlobalSection
EndGlobal
