
Microsoft Visual Studio Solution File, Format Version 12.00
# Visual Studio Version 17
VisualStudioVersion = 17.1.32328.378
MinimumVisualStudioVersion = 10.0.40219.1
Project("{FAE04EC0-301F-11D3-BF4B-00C04F79EFBC}") = "firstProject", "firstProject\firstProject.csproj", "{1466D245-D3CC-450F-AE0F-00259D269EDB}"
EndProject
Global
	GlobalSection(SolutionConfigurationPlatforms) = preSolution
		Debug|Any CPU = Debug|Any CPU
		Release|Any CPU = Release|Any CPU
	EndGlobalSection
	GlobalSection(ProjectConfigurationPlatforms) = postSolution
		{1466D245-D3CC-450F-AE0F-00259D269EDB}.Debug|Any CPU.ActiveCfg = Debug|Any CPU
		{1466D245-D3CC-450F-AE0F-00259D269EDB}.Debug|Any CPU.Build.0 = Debug|Any CPU
		{1466D245-D3CC-450F-AE0F-00259D269EDB}.Release|Any CPU.ActiveCfg = Release|Any CPU
		{1466D245-D3CC-450F-AE0F-00259D269EDB}.Release|Any CPU.Build.0 = Release|Any CPU
	EndGlobalSection
	GlobalSection(SolutionProperties) = preSolution
		HideSolutionNode = FALSE
	EndGlobalSection
	GlobalSection(ExtensibilityGlobals) = postSolution
		SolutionGuid = {E456D5EF-CA6B-4226-A884-B45E52F99D21}
	EndGlobalSection
EndGlobal
